
Microsoft Visual Studio Solution File, Format Version 12.00
# Visual Studio 14
VisualStudioVersion = 14.0.25123.0
MinimumVisualStudioVersion = 10.0.40219.1
Project("{FAE04EC0-301F-11D3-BF4B-00C04F79EFBC}") = "SportLoto", "SportLoto\SportLoto.csproj", "{536C1CAB-7CEA-4914-80F5-D87A978C449C}"
EndProject
Project("{FAE04EC0-301F-11D3-BF4B-00C04F79EFBC}") = "SportLoto.Tests", "SportLoto.Tests\SportLoto.Tests.csproj", "{54CA619D-5000-4B78-8049-FBC966F1226F}"
EndProject
Project("{FAE04EC0-301F-11D3-BF4B-00C04F79EFBC}") = "SportLotoServiceControlApp", "SportLotoServiceControlApp\SportLotoServiceControlApp.csproj", "{B98C858E-399E-494E-AEE5-A57D6682CF76}"
EndProject
Project("{FAE04EC0-301F-11D3-BF4B-00C04F79EFBC}") = "SportLoto.DbModels", "SportLoto.DbModels\SportLoto.DbModels.csproj", "{BF1181FC-A627-4F64-B93B-CAA0C7E01A6A}"
EndProject
Global
	GlobalSection(SolutionConfigurationPlatforms) = preSolution
		Debug|Any CPU = Debug|Any CPU
		Release|Any CPU = Release|Any CPU
	EndGlobalSection
	GlobalSection(ProjectConfigurationPlatforms) = postSolution
		{536C1CAB-7CEA-4914-80F5-D87A978C449C}.Debug|Any CPU.ActiveCfg = Debug|Any CPU
		{536C1CAB-7CEA-4914-80F5-D87A978C449C}.Debug|Any CPU.Build.0 = Debug|Any CPU
		{536C1CAB-7CEA-4914-80F5-D87A978C449C}.Release|Any CPU.ActiveCfg = Release|Any CPU
		{536C1CAB-7CEA-4914-80F5-D87A978C449C}.Release|Any CPU.Build.0 = Release|Any CPU
		{54CA619D-5000-4B78-8049-FBC966F1226F}.Debug|Any CPU.ActiveCfg = Debug|Any CPU
		{54CA619D-5000-4B78-8049-FBC966F1226F}.Debug|Any CPU.Build.0 = Debug|Any CPU
		{54CA619D-5000-4B78-8049-FBC966F1226F}.Release|Any CPU.ActiveCfg = Release|Any CPU
		{54CA619D-5000-4B78-8049-FBC966F1226F}.Release|Any CPU.Build.0 = Release|Any CPU
		{B98C858E-399E-494E-AEE5-A57D6682CF76}.Debug|Any CPU.ActiveCfg = Debug|Any CPU
		{B98C858E-399E-494E-AEE5-A57D6682CF76}.Debug|Any CPU.Build.0 = Debug|Any CPU
		{B98C858E-399E-494E-AEE5-A57D6682CF76}.Release|Any CPU.ActiveCfg = Release|Any CPU
		{B98C858E-399E-494E-AEE5-A57D6682CF76}.Release|Any CPU.Build.0 = Release|Any CPU
		{BF1181FC-A627-4F64-B93B-CAA0C7E01A6A}.Debug|Any CPU.ActiveCfg = Debug|Any CPU
		{BF1181FC-A627-4F64-B93B-CAA0C7E01A6A}.Debug|Any CPU.Build.0 = Debug|Any CPU
		{BF1181FC-A627-4F64-B93B-CAA0C7E01A6A}.Release|Any CPU.ActiveCfg = Release|Any CPU
		{BF1181FC-A627-4F64-B93B-CAA0C7E01A6A}.Release|Any CPU.Build.0 = Release|Any CPU
	EndGlobalSection
	GlobalSection(SolutionProperties) = preSolution
		HideSolutionNode = FALSE
	EndGlobalSection
EndGlobal
